
Microsoft Visual Studio Solution File, Format Version 12.00
# Visual Studio Version 17
VisualStudioVersion = 17.6.33829.357
MinimumVisualStudioVersion = 10.0.40219.1
Project("{9A19103F-16F7-4668-BE54-9A1E7A4F7556}") = "VenomVerseApi", "VenomVerseApi.csproj", "{9F8A4D62-E62D-479E-B8AA-68E4BFD14448}"
EndProject
Global
	GlobalSection(SolutionConfigurationPlatforms) = preSolution
		Debug|Any CPU = Debug|Any CPU
		Release|Any CPU = Release|Any CPU
	EndGlobalSection
	GlobalSection(ProjectConfigurationPlatforms) = postSolution
		{9F8A4D62-E62D-479E-B8AA-68E4BFD14448}.Debug|Any CPU.ActiveCfg = Debug|Any CPU
		{9F8A4D62-E62D-479E-B8AA-68E4BFD14448}.Debug|Any CPU.Build.0 = Debug|Any CPU
		{9F8A4D62-E62D-479E-B8AA-68E4BFD14448}.Release|Any CPU.ActiveCfg = Release|Any CPU
		{9F8A4D62-E62D-479E-B8AA-68E4BFD14448}.Release|Any CPU.Build.0 = Release|Any CPU
	EndGlobalSection
	GlobalSection(SolutionProperties) = preSolution
		HideSolutionNode = FALSE
	EndGlobalSection
	GlobalSection(ExtensibilityGlobals) = postSolution
		SolutionGuid = {DB359BED-F659-45CF-B672-C7CC74F999BE}
	EndGlobalSection
EndGlobal
